<?xml version="1.0" encoding="utf-8"?>
<Project ToolsVersion="4.0" xmlns="http://schemas.microsoft.com/developer/msbuild/2003">
  <ItemGroup>
    <ClCompile Include="main.cpp" />
    <ClCompile Include="..\..\code\core\chrisslymemory.cpp">
      <Filter>core</Filter>
    </ClCompile>
    <ClCompile Include="..\..\code\core\chrisslystring.cpp">
      <Filter>core</Filter>
    </ClCompile>
    <ClCompile Include="..\..\code\core\matrix3.cpp">
      <Filter>core</Filter>
    </ClCompile>
    <ClCompile Include="..\..\code\core\matrix4.cpp">
      <Filter>core</Filter>
    </ClCompile>
    <ClCompile Include="..\..\code\core\quaternion.cpp">
      <Filter>core</Filter>
    </ClCompile>
    <ClCompile Include="..\..\code\core\timer.cpp">
      <Filter>core</Filter>
    </ClCompile>
    <ClCompile Include="..\..\code\core\vector3.cpp">
      <Filter>core</Filter>
    </ClCompile>
    <ClCompile Include="..\..\code\core\windows\winapidebug.cpp">
      <Filter>core\windows</Filter>
    </ClCompile>
    <ClCompile Include="..\..\code\core\windows\winapifswrapper.cpp">
      <Filter>core\windows</Filter>
    </ClCompile>
    <ClCompile Include="..\..\code\graphics\animation.cpp">
      <Filter>graphics</Filter>
    </ClCompile>
    <ClCompile Include="..\..\code\graphics\animationstate.cpp">
      <Filter>graphics</Filter>
    </ClCompile>
    <ClCompile Include="..\..\code\graphics\animationtrack.cpp">
      <Filter>graphics</Filter>
    </ClCompile>
    <ClCompile Include="..\..\code\graphics\camera.cpp">
      <Filter>graphics</Filter>
    </ClCompile>
    <ClCompile Include="..\..\code\graphics\entity.cpp">
      <Filter>graphics</Filter>
    </ClCompile>
    <ClCompile Include="..\..\code\graphics\gpuprogramparams.cpp">
      <Filter>graphics</Filter>
    </ClCompile>
    <ClCompile Include="..\..\code\graphics\graphicssystem.cpp">
      <Filter>graphics</Filter>
    </ClCompile>
    <ClCompile Include="..\..\code\graphics\hardwarevertexbufferbase.cpp">
      <Filter>graphics</Filter>
    </ClCompile>
    <ClCompile Include="..\..\code\graphics\keyframe.cpp">
      <Filter>graphics</Filter>
    </ClCompile>
    <ClCompile Include="..\..\code\graphics\light.cpp">
      <Filter>graphics</Filter>
    </ClCompile>
    <ClCompile Include="..\..\code\graphics\material.cpp">
      <Filter>graphics</Filter>
    </ClCompile>
    <ClCompile Include="..\..\code\graphics\materialmanager.cpp">
      <Filter>graphics</Filter>
    </ClCompile>
    <ClCompile Include="..\..\code\graphics\materialparser.cpp">
      <Filter>graphics</Filter>
    </ClCompile>
    <ClCompile Include="..\..\code\graphics\mesh.cpp">
      <Filter>graphics</Filter>
    </ClCompile>
    <ClCompile Include="..\..\code\graphics\meshmanager.cpp">
      <Filter>graphics</Filter>
    </ClCompile>
    <ClCompile Include="..\..\code\graphics\pass.cpp">
      <Filter>graphics</Filter>
    </ClCompile>
    <ClCompile Include="..\..\code\graphics\renderqueuesortinggrouping.cpp">
      <Filter>graphics</Filter>
    </ClCompile>
    <ClCompile Include="..\..\code\graphics\rendertarget.cpp">
      <Filter>graphics</Filter>
    </ClCompile>
    <ClCompile Include="..\..\code\graphics\scenemanager.cpp">
      <Filter>graphics</Filter>
    </ClCompile>
    <ClCompile Include="..\..\code\graphics\scenenode.cpp">
      <Filter>graphics</Filter>
    </ClCompile>
    <ClCompile Include="..\..\code\graphics\subentity.cpp">
      <Filter>graphics</Filter>
    </ClCompile>
    <ClCompile Include="..\..\code\graphics\submesh.cpp">
      <Filter>graphics</Filter>
    </ClCompile>
    <ClCompile Include="..\..\code\graphics\texturebase.cpp">
      <Filter>graphics</Filter>
    </ClCompile>
    <ClCompile Include="..\..\code\graphics\texturemanager.cpp">
      <Filter>graphics</Filter>
    </ClCompile>
    <ClCompile Include="..\..\code\graphics\textureunitstate.cpp">
      <Filter>graphics</Filter>
    </ClCompile>
    <ClCompile Include="..\..\code\graphics\viewport.cpp">
      <Filter>graphics</Filter>
    </ClCompile>
    <ClCompile Include="..\..\code\audio\audiosystem.cpp">
      <Filter>audio</Filter>
    </ClCompile>
    <ClCompile Include="..\..\code\audio\channelbase.cpp">
      <Filter>audio</Filter>
    </ClCompile>
    <ClCompile Include="..\..\code\audio\soundbase.cpp">
      <Filter>audio</Filter>
    </ClCompile>
    <ClCompile Include="..\..\code\audio\vorbiscodec.cpp">
      <Filter>audio</Filter>
    </ClCompile>
    <ClCompile Include="..\..\code\audio\wavcodec.cpp">
      <Filter>audio</Filter>
    </ClCompile>
    <ClCompile Include="..\..\code\audio\dsp\mixer.cpp">
      <Filter>audio\dsp</Filter>
    </ClCompile>
    <ClCompile Include="..\..\code\core\plane.cpp">
      <Filter>core</Filter>
    </ClCompile>
    <ClCompile Include="..\..\code\thirdparty\stb\stb_vorbis.c">
      <Filter>thirdparty\stb</Filter>
    </ClCompile>
    <ClCompile Include="..\..\code\audio\dsp\samplerateconverter.cpp">
      <Filter>audio\dsp</Filter>
    </ClCompile>
    <ClCompile Include="..\..\code\audio\wasapi\wasapiaudiorenderer.cpp">
      <Filter>audio\wasapi</Filter>
    </ClCompile>
    <ClCompile Include="..\..\code\graphics\d3d11\d3d11constantbuffer.cpp">
      <Filter>graphics\d3d11</Filter>
    </ClCompile>
    <ClCompile Include="..\..\code\graphics\d3d11\d3d11gpuprogram.cpp">
      <Filter>graphics\d3d11</Filter>
    </ClCompile>
    <ClCompile Include="..\..\code\graphics\d3d11\d3d11hardwarevertexbuffer.cpp">
      <Filter>graphics\d3d11</Filter>
    </ClCompile>
    <ClCompile Include="..\..\code\graphics\d3d11\d3d11mappings.cpp">
      <Filter>graphics\d3d11</Filter>
    </ClCompile>
    <ClCompile Include="..\..\code\graphics\d3d11\d3d11rendersystem.cpp">
      <Filter>graphics\d3d11</Filter>
    </ClCompile>
    <ClCompile Include="..\..\code\graphics\d3d11\d3d11rendertexture.cpp">
      <Filter>graphics\d3d11</Filter>
    </ClCompile>
    <ClCompile Include="..\..\code\graphics\d3d11\d3d11statecache.cpp">
      <Filter>graphics\d3d11</Filter>
    </ClCompile>
    <ClCompile Include="..\..\code\graphics\d3d11\d3d11texture.cpp">
      <Filter>graphics\d3d11</Filter>
    </ClCompile>
    <ClCompile Include="..\..\code\graphics\d3d11\dxgirenderwindow.cpp">
      <Filter>graphics\d3d11</Filter>
    </ClCompile>
  </ItemGroup>
  <ItemGroup>
    <Filter Include="core">
      <UniqueIdentifier>{7cc1ea6d-4502-40a0-90da-5b274a19d2e9}</UniqueIdentifier>
    </Filter>
    <Filter Include="core\windows">
      <UniqueIdentifier>{f63ed16f-f183-4362-9858-6aa131530f07}</UniqueIdentifier>
    </Filter>
    <Filter Include="core\standard">
      <UniqueIdentifier>{356bdf02-e19d-4ecd-aa60-00637ff8120a}</UniqueIdentifier>
    </Filter>
    <Filter Include="graphics">
      <UniqueIdentifier>{70e0e4f1-e3ea-49e3-9574-5478a671d438}</UniqueIdentifier>
    </Filter>
    <Filter Include="thirdparty">
      <UniqueIdentifier>{ea202187-7cc3-47d5-bdd1-a294826f5e02}</UniqueIdentifier>
    </Filter>
    <Filter Include="thirdparty\stb">
      <UniqueIdentifier>{37df9488-36c2-4b0c-860d-86df1742d06f}</UniqueIdentifier>
    </Filter>
    <Filter Include="audio">
      <UniqueIdentifier>{773e7525-02b6-4fae-967c-87efa694c593}</UniqueIdentifier>
    </Filter>
    <Filter Include="audio\dsp">
      <UniqueIdentifier>{e9a0ab98-b9f5-452e-a3d7-e6a21293ea4d}</UniqueIdentifier>
    </Filter>
    <Filter Include="audio\wasapi">
      <UniqueIdentifier>{31efd57d-d93b-4515-b550-bd4a97e8fd6a}</UniqueIdentifier>
    </Filter>
    <Filter Include="graphics\d3d11">
      <UniqueIdentifier>{0ac22231-a789-4ce7-8ed0-f347e5a28efc}</UniqueIdentifier>
    </Filter>
  </ItemGroup>
  <ItemGroup>
    <ClInclude Include="..\..\code\core\chrisslymath.h">
      <Filter>core</Filter>
    </ClInclude>
    <ClInclude Include="..\..\code\core\chrisslymemory.h">
      <Filter>core</Filter>
    </ClInclude>
    <ClInclude Include="..\..\code\core\chrisslymutex.h">
      <Filter>core</Filter>
    </ClInclude>
    <ClInclude Include="..\..\code\core\chrisslystring.h">
      <Filter>core</Filter>
    </ClInclude>
    <ClInclude Include="..\..\code\core\debug.h">
      <Filter>core</Filter>
    </ClInclude>
    <ClInclude Include="..\..\code\core\dynamicarray.h">
      <Filter>core</Filter>
    </ClInclude>
    <ClInclude Include="..\..\code\core\filehandle.h">
      <Filter>core</Filter>
    </ClInclude>
    <ClInclude Include="..\..\code\core\fileio.h">
      <Filter>core</Filter>
    </ClInclude>
    <ClInclude Include="..\..\code\core\fswrapper.h">
      <Filter>core</Filter>
    </ClInclude>
    <ClInclude Include="..\..\code\core\hashtable.h">
      <Filter>core</Filter>
    </ClInclude>
    <ClInclude Include="..\..\code\core\linkedlist.h">
      <Filter>core</Filter>
    </ClInclude>
    <ClInclude Include="..\..\code\core\matrix3.h">
      <Filter>core</Filter>
    </ClInclude>
    <ClInclude Include="..\..\code\core\matrix4.h">
      <Filter>core</Filter>
    </ClInclude>
    <ClInclude Include="..\..\code\core\memoryallocatorconfig.h">
      <Filter>core</Filter>
    </ClInclude>
    <ClInclude Include="..\..\code\core\quaternion.h">
      <Filter>core</Filter>
    </ClInclude>
    <ClInclude Include="..\..\code\core\timer.h">
      <Filter>core</Filter>
    </ClInclude>
    <ClInclude Include="..\..\code\core\vector3.h">
      <Filter>core</Filter>
    </ClInclude>
    <ClInclude Include="..\..\code\core\standard\standardmath.h">
      <Filter>core\standard</Filter>
    </ClInclude>
    <ClInclude Include="..\..\code\core\windows\winapidebug.h">
      <Filter>core\windows</Filter>
    </ClInclude>
    <ClInclude Include="..\..\code\core\windows\winapifswrapper.h">
      <Filter>core\windows</Filter>
    </ClInclude>
    <ClInclude Include="..\..\code\core\windows\winapimutex.h">
      <Filter>core\windows</Filter>
    </ClInclude>
    <ClInclude Include="..\..\code\graphics\animation.h">
      <Filter>graphics</Filter>
    </ClInclude>
    <ClInclude Include="..\..\code\graphics\animationstate.h">
      <Filter>graphics</Filter>
    </ClInclude>
    <ClInclude Include="..\..\code\graphics\animationtrack.h">
      <Filter>graphics</Filter>
    </ClInclude>
    <ClInclude Include="..\..\code\graphics\blendmode.h">
      <Filter>graphics</Filter>
    </ClInclude>
    <ClInclude Include="..\..\code\graphics\camera.h">
      <Filter>graphics</Filter>
    </ClInclude>
    <ClInclude Include="..\..\code\graphics\common.h">
      <Filter>graphics</Filter>
    </ClInclude>
    <ClInclude Include="..\..\code\graphics\entity.h">
      <Filter>graphics</Filter>
    </ClInclude>
    <ClInclude Include="..\..\code\graphics\gpuprogram.h">
      <Filter>graphics</Filter>
    </ClInclude>
    <ClInclude Include="..\..\code\graphics\gpuprogramparams.h">
      <Filter>graphics</Filter>
    </ClInclude>
    <ClInclude Include="..\..\code\graphics\graphicssystem.h">
      <Filter>graphics</Filter>
    </ClInclude>
    <ClInclude Include="..\..\code\graphics\hardwarevertexbuffer.h">
      <Filter>graphics</Filter>
    </ClInclude>
    <ClInclude Include="..\..\code\graphics\hardwarevertexbufferbase.h">
      <Filter>graphics</Filter>
    </ClInclude>
    <ClInclude Include="..\..\code\graphics\keyframe.h">
      <Filter>graphics</Filter>
    </ClInclude>
    <ClInclude Include="..\..\code\graphics\light.h">
      <Filter>graphics</Filter>
    </ClInclude>
    <ClInclude Include="..\..\code\graphics\material.h">
      <Filter>graphics</Filter>
    </ClInclude>
    <ClInclude Include="..\..\code\graphics\materialmanager.h">
      <Filter>graphics</Filter>
    </ClInclude>
    <ClInclude Include="..\..\code\graphics\materialparser.h">
      <Filter>graphics</Filter>
    </ClInclude>
    <ClInclude Include="..\..\code\graphics\mesh.h">
      <Filter>graphics</Filter>
    </ClInclude>
    <ClInclude Include="..\..\code\graphics\meshmanager.h">
      <Filter>graphics</Filter>
    </ClInclude>
    <ClInclude Include="..\..\code\graphics\pass.h">
      <Filter>graphics</Filter>
    </ClInclude>
    <ClInclude Include="..\..\code\graphics\pixelformat.h">
      <Filter>graphics</Filter>
    </ClInclude>
    <ClInclude Include="..\..\code\graphics\renderqueuesortinggrouping.h">
      <Filter>graphics</Filter>
    </ClInclude>
    <ClInclude Include="..\..\code\graphics\rendersystem.h">
      <Filter>graphics</Filter>
    </ClInclude>
    <ClInclude Include="..\..\code\graphics\rendertarget.h">
      <Filter>graphics</Filter>
    </ClInclude>
    <ClInclude Include="..\..\code\graphics\rendertexture.h">
      <Filter>graphics</Filter>
    </ClInclude>
    <ClInclude Include="..\..\code\graphics\renderwindow.h">
      <Filter>graphics</Filter>
    </ClInclude>
    <ClInclude Include="..\..\code\graphics\scenemanager.h">
      <Filter>graphics</Filter>
    </ClInclude>
    <ClInclude Include="..\..\code\graphics\scenenode.h">
      <Filter>graphics</Filter>
    </ClInclude>
    <ClInclude Include="..\..\code\graphics\subentity.h">
      <Filter>graphics</Filter>
    </ClInclude>
    <ClInclude Include="..\..\code\graphics\submesh.h">
      <Filter>graphics</Filter>
    </ClInclude>
    <ClInclude Include="..\..\code\graphics\texture.h">
      <Filter>graphics</Filter>
    </ClInclude>
    <ClInclude Include="..\..\code\graphics\texturebase.h">
      <Filter>graphics</Filter>
    </ClInclude>
    <ClInclude Include="..\..\code\graphics\texturemanager.h">
      <Filter>graphics</Filter>
    </ClInclude>
    <ClInclude Include="..\..\code\graphics\textureunitstate.h">
      <Filter>graphics</Filter>
    </ClInclude>
    <ClInclude Include="..\..\code\graphics\vertexdata.h">
      <Filter>graphics</Filter>
    </ClInclude>
    <ClInclude Include="..\..\code\graphics\viewport.h">
      <Filter>graphics</Filter>
    </ClInclude>
    <ClInclude Include="..\..\code\thirdparty\stb\stb_c_lexer.h">
      <Filter>thirdparty\stb</Filter>
    </ClInclude>
    <ClInclude Include="..\..\code\audio\audioformat.h">
      <Filter>audio</Filter>
    </ClInclude>
    <ClInclude Include="..\..\code\audio\audiorenderer.h">
      <Filter>audio</Filter>
    </ClInclude>
    <ClInclude Include="..\..\code\audio\audiosystem.h">
      <Filter>audio</Filter>
    </ClInclude>
    <ClInclude Include="..\..\code\audio\channel.h">
      <Filter>audio</Filter>
    </ClInclude>
    <ClInclude Include="..\..\code\audio\channelbase.h">
      <Filter>audio</Filter>
    </ClInclude>
    <ClInclude Include="..\..\code\audio\codec.h">
      <Filter>audio</Filter>
    </ClInclude>
    <ClInclude Include="..\..\code\audio\errorcode.h">
      <Filter>audio</Filter>
    </ClInclude>
    <ClInclude Include="..\..\code\audio\modeflags.h">
      <Filter>audio</Filter>
    </ClInclude>
    <ClInclude Include="..\..\code\audio\propertychangedflags.h">
      <Filter>audio</Filter>
    </ClInclude>
    <ClInclude Include="..\..\code\audio\sound.h">
      <Filter>audio</Filter>
    </ClInclude>
    <ClInclude Include="..\..\code\audio\soundbase.h">
      <Filter>audio</Filter>
    </ClInclude>
    <ClInclude Include="..\..\code\audio\soundtype.h">
      <Filter>audio</Filter>
    </ClInclude>
    <ClInclude Include="..\..\code\audio\vorbiscodec.h">
      <Filter>audio</Filter>
    </ClInclude>
    <ClInclude Include="..\..\code\audio\wavcodec.h">
      <Filter>audio</Filter>
    </ClInclude>
    <ClInclude Include="..\..\code\audio\dsp\mixer.h">
      <Filter>audio\dsp</Filter>
    </ClInclude>
    <ClInclude Include="..\..\code\core\chrisslyplatform.h">
      <Filter>core</Filter>
    </ClInclude>
    <ClInclude Include="..\..\code\core\plane.h">
      <Filter>core</Filter>
    </ClInclude>
    <ClInclude Include="..\..\code\thirdparty\stb\stb_vorbis.h">
      <Filter>thirdparty\stb</Filter>
    </ClInclude>
    <ClInclude Include="..\..\code\audio\dsp\samplerateconverter.h">
      <Filter>audio\dsp</Filter>
    </ClInclude>
    <ClInclude Include="..\..\code\audio\wasapi\wasapiaudiorenderer.h">
      <Filter>audio\wasapi</Filter>
    </ClInclude>
    <ClInclude Include="..\..\code\graphics\d3d11\d3d11constantbuffer.h">
      <Filter>graphics\d3d11</Filter>
    </ClInclude>
    <ClInclude Include="..\..\code\graphics\d3d11\d3d11defaultshaders.h">
      <Filter>graphics\d3d11</Filter>
    </ClInclude>
    <ClInclude Include="..\..\code\graphics\d3d11\d3d11gpuprogram.h">
      <Filter>graphics\d3d11</Filter>
    </ClInclude>
    <ClInclude Include="..\..\code\graphics\d3d11\d3d11hardwarevertexbuffer.h">
      <Filter>graphics\d3d11</Filter>
    </ClInclude>
    <ClInclude Include="..\..\code\graphics\d3d11\d3d11mappings.h">
      <Filter>graphics\d3d11</Filter>
    </ClInclude>
    <ClInclude Include="..\..\code\graphics\d3d11\d3d11rendersystem.h">
      <Filter>graphics\d3d11</Filter>
    </ClInclude>
    <ClInclude Include="..\..\code\graphics\d3d11\d3d11rendertexture.h">
      <Filter>graphics\d3d11</Filter>
    </ClInclude>
    <ClInclude Include="..\..\code\graphics\d3d11\d3d11statecache.h">
      <Filter>graphics\d3d11</Filter>
    </ClInclude>
    <ClInclude Include="..\..\code\graphics\d3d11\d3d11texture.h">
      <Filter>graphics\d3d11</Filter>
    </ClInclude>
    <ClInclude Include="..\..\code\graphics\d3d11\dxgirenderwindow.h">
      <Filter>graphics\d3d11</Filter>
    </ClInclude>
  </ItemGroup>
</Project>